speakeasyVersion: 1.378.0
sources:
    merge-code-samples-into-spec:
        sourceNamespace: merge-code-samples-into-spec
        sourceRevisionDigest: sha256:075c5d2d9db3a52a3b1f11ab2231697934baebc36f940bf1cf3256d1f3cd19ed
        sourceBlobDigest: sha256:4dac3bfed42744b582535ede207d5bc7d9ad0e245a6de7bb0ef9e2e8537c9d37
        tags:
            - latest
            - main
targets: {}
workflow:
    workflowVersion: 1.0.0
    speakeasyVersion: latest
    sources:
        merge-code-samples-into-spec:
            inputs:
                - location: registry.speakeasyapi.dev/panora/panora/panora-open-api-swagger
            overlays:
                - location: registry.speakeasyapi.dev/panora/panora/code-samples-typescript-my-first-target:main
                - location: registry.speakeasyapi.dev/panora/panora/code-samples-python:main
                - location: registry.speakeasyapi.dev/panora/panora/go-sdk:main
                - location: registry.speakeasyapi.dev/panora/panora/code-samples-ruby:main
            output: packages/api/swagger/openapi-with-code-samples.yaml
            registry:
                location: registry.speakeasyapi.dev/panora/panora/merge-code-samples-into-spec
    targets: {}
